
Microsoft Visual Studio Solution File, Format Version 12.00
# Visual Studio Version 16
VisualStudioVersion = 16.0.30011.22
MinimumVisualStudioVersion = 10.0.40219.1
Project("{FAE04EC0-301F-11D3-BF4B-00C04F79EFBC}") = "Homework", "Homework\Homework.csproj", "{7D493FFB-65EF-4F12-9F8E-1A49A34B7F86}"
EndProject
Project("{FAE04EC0-301F-11D3-BF4B-00C04F79EFBC}") = "Institute", "Institute\Institute.csproj", "{70345AB7-2C40-4BA4-A2E9-6EDB6CB287C1}"
EndProject
Global
	GlobalSection(SolutionConfigurationPlatforms) = preSolution
		Debug|Any CPU = Debug|Any CPU
		Release|Any CPU = Release|Any CPU
	EndGlobalSection
	GlobalSection(ProjectConfigurationPlatforms) = postSolution
		{7D493FFB-65EF-4F12-9F8E-1A49A34B7F86}.Debug|Any CPU.ActiveCfg = Debug|Any CPU
		{7D493FFB-65EF-4F12-9F8E-1A49A34B7F86}.Debug|Any CPU.Build.0 = Debug|Any CPU
		{7D493FFB-65EF-4F12-9F8E-1A49A34B7F86}.Release|Any CPU.ActiveCfg = Release|Any CPU
		{7D493FFB-65EF-4F12-9F8E-1A49A34B7F86}.Release|Any CPU.Build.0 = Release|Any CPU
		{70345AB7-2C40-4BA4-A2E9-6EDB6CB287C1}.Debug|Any CPU.ActiveCfg = Debug|Any CPU
		{70345AB7-2C40-4BA4-A2E9-6EDB6CB287C1}.Debug|Any CPU.Build.0 = Debug|Any CPU
		{70345AB7-2C40-4BA4-A2E9-6EDB6CB287C1}.Release|Any CPU.ActiveCfg = Release|Any CPU
		{70345AB7-2C40-4BA4-A2E9-6EDB6CB287C1}.Release|Any CPU.Build.0 = Release|Any CPU
	EndGlobalSection
	GlobalSection(SolutionProperties) = preSolution
		HideSolutionNode = FALSE
	EndGlobalSection
	GlobalSection(ExtensibilityGlobals) = postSolution
		SolutionGuid = {14B2D12C-7FEB-42C1-A871-072EEA15DA68}
	EndGlobalSection
EndGlobal
